
Microsoft Visual Studio Solution File, Format Version 12.00
# Visual Studio 2012
Project("{FAE04EC0-301F-11D3-BF4B-00C04F79EFBC}") = "WIGDashboard", "WIGDashboard\WIGDashboard.csproj", "{77BC7DA3-5DA3-47FF-8B32-7F6BCB16460B}"
EndProject
Project("{2150E333-8FDC-42A3-9474-1A3956D46DE8}") = "Solution Items", "Solution Items", "{758EFDD5-0D94-4ABE-B055-FED6904C74AE}"
	ProjectSection(SolutionItems) = preProject
		WE-settings.xml = WE-settings.xml
	EndProjectSection
EndProject
Project("{FAE04EC0-301F-11D3-BF4B-00C04F79EFBC}") = "WIGDashboard.Core", "WIGDashboard.Core\WIGDashboard.Core.csproj", "{17C5B80B-4FF9-4C14-9EEF-63778856AABA}"
EndProject
Project("{FAE04EC0-301F-11D3-BF4B-00C04F79EFBC}") = "WIGDashboard.Core.Specs", "WIGDashboard.Core.Specs\WIGDashboard.Core.Specs.csproj", "{8489EB48-52EE-436E-8553-5CA7809FCDD7}"
EndProject
Global
	GlobalSection(SolutionConfigurationPlatforms) = preSolution
		Debug|Any CPU = Debug|Any CPU
		Release|Any CPU = Release|Any CPU
	EndGlobalSection
	GlobalSection(ProjectConfigurationPlatforms) = postSolution
		{77BC7DA3-5DA3-47FF-8B32-7F6BCB16460B}.Debug|Any CPU.ActiveCfg = Debug|Any CPU
		{77BC7DA3-5DA3-47FF-8B32-7F6BCB16460B}.Debug|Any CPU.Build.0 = Debug|Any CPU
		{77BC7DA3-5DA3-47FF-8B32-7F6BCB16460B}.Release|Any CPU.ActiveCfg = Release|Any CPU
		{77BC7DA3-5DA3-47FF-8B32-7F6BCB16460B}.Release|Any CPU.Build.0 = Release|Any CPU
		{17C5B80B-4FF9-4C14-9EEF-63778856AABA}.Debug|Any CPU.ActiveCfg = Debug|Any CPU
		{17C5B80B-4FF9-4C14-9EEF-63778856AABA}.Debug|Any CPU.Build.0 = Debug|Any CPU
		{17C5B80B-4FF9-4C14-9EEF-63778856AABA}.Release|Any CPU.ActiveCfg = Release|Any CPU
		{17C5B80B-4FF9-4C14-9EEF-63778856AABA}.Release|Any CPU.Build.0 = Release|Any CPU
		{8489EB48-52EE-436E-8553-5CA7809FCDD7}.Debug|Any CPU.ActiveCfg = Debug|Any CPU
		{8489EB48-52EE-436E-8553-5CA7809FCDD7}.Debug|Any CPU.Build.0 = Debug|Any CPU
		{8489EB48-52EE-436E-8553-5CA7809FCDD7}.Release|Any CPU.ActiveCfg = Release|Any CPU
		{8489EB48-52EE-436E-8553-5CA7809FCDD7}.Release|Any CPU.Build.0 = Release|Any CPU
	EndGlobalSection
	GlobalSection(SolutionProperties) = preSolution
		HideSolutionNode = FALSE
	EndGlobalSection
EndGlobal
